{
  "name": "com.example.leo",
  "version": "1.0.0",
  "lockfileVersion": 2,
  "requires": true,
  "packages": {
    "": {
      "name": "com.example.leo",
      "version": "1.0.0",
      "license": "Apache-2.0",
      "devDependencies": {
        "@ahovakimyan/cordova-plugin-wkwebviewxhrfix": "github:AraHovakimyan/cordova-plugin-wkwebviewxhrfix",
        "cordova-android": "^10.1.0",
        "cordova-ios": "^4.0.1",
        "cordova-plugin-device": "^2.0.3",
        "cordova-plugin-downloader": "^0.0.4",
        "cordova-plugin-file": "^6.0.2",
        "cordova-plugin-network-information": "^3.0.0",
        "cordova-plugin-pdialog": "^2.0.1",
        "cordova-plugin-spinner": "github:Justin-Credible/cordova-plugin-spinner",
        "cordova-plugin-whitelist": "^1.3.4",
        "cordova-plugin-wkwebview-file-xhr": "^3.0.0",
        "cordova-plugin-zip": "^3.1.0",
        "cordova-sqlite-storage": "^6.0.0"
      }
    },
    "node_modules/@ahovakimyan/cordova-plugin-wkwebviewxhrfix": {
      "version": "1.0.0",
      "resolved": "git+ssh://git@github.com/AraHovakimyan/cordova-plugin-wkwebviewxhrfix.git#c62561b9c7fc18e816d69e3cfb45e87977b0466f",
      "dev": true,
      "license": "MIT",
      "engines": {
        "cordovaDependencies": {
          "1.0.0": {
            "cordova": ">5.0.0",
            "cordova-ios": ">4.0.0"
          }
        }
      }
    },
    "node_modules/@netflix/nerror": {
      "version": "1.1.3",
      "resolved": "https://registry.npmjs.org/@netflix/nerror/-/nerror-1.1.3.tgz",
      "integrity": "sha512-b+MGNyP9/LXkapreJzNUzcvuzZslj/RGgdVVJ16P2wSlYatfLycPObImqVJSmNAdyeShvNeM/pl3sVZsObFueg==",
      "dev": true,
      "dependencies": {
        "assert-plus": "^1.0.0",
        "extsprintf": "^1.4.0",
        "lodash": "^4.17.15"
      }
    },
    "node_modules/android-versions": {
      "version": "1.7.0",
      "resolved": "https://registry.npmjs.org/android-versions/-/android-versions-1.7.0.tgz",
      "integrity": "sha512-TCy4b8Dk8YS6A23ZPfhSKqK66JHFq0D8avGYiwvYpjno6HrrcI0DRgHx9+jtkvWYmrsE2vQWgbHJhvGGhhOb0g==",
      "dev": true,
      "dependencies": {
        "semver": "^5.7.1"
      }
    },
    "node_modules/android-versions/node_modules/semver": {
      "version": "5.7.1",
      "resolved": "https://registry.npmjs.org/semver/-/semver-5.7.1.tgz",
      "integrity": "sha512-sauaDf/PZdVgrLTNYHRtpXa1iRiKcaebiKQ1BJdpQlWH2lCvexQdX55snPFyK7QzpudqbCI0qXFfOasHdyNDGQ==",
      "dev": true,
      "bin": {
        "semver": "bin/semver"
      }
    },
    "node_modules/ansi": {
      "version": "0.3.1",
      "resolved": "https://registry.npmjs.org/ansi/-/ansi-0.3.1.tgz",
      "integrity": "sha1-DELU+xcWDVqa8eSEus4cZpIsGyE=",
      "dev": true
    },
    "node_modules/assert-plus": {
      "version": "1.0.0",
      "resolved": "https://registry.npmjs.org/assert-plus/-/assert-plus-1.0.0.tgz",
      "integrity": "sha1-8S4PPF13sLHN2RRpQuTpbB5N1SU=",
      "dev": true,
      "engines": {
        "node": ">=0.8"
      }
    },
    "node_modules/at-least-node": {
      "version": "1.0.0",
      "resolved": "https://registry.npmjs.org/at-least-node/-/at-least-node-1.0.0.tgz",
      "integrity": "sha512-+q/t7Ekv1EDY2l6Gda6LLiX14rU9TV20Wa3ofeQmwPFZbOMo9DXrLbOjFaaclkXKWidIaopwAObQDqwWtGUjqg==",
      "dev": true,
      "engines": {
        "node": ">= 4.0.0"
      }
    },
    "node_modules/big-integer": {
      "version": "1.6.48",
      "resolved": "https://registry.npmjs.org/big-integer/-/big-integer-1.6.48.tgz",
      "integrity": "sha512-j51egjPa7/i+RdiRuJbPdJ2FIUYYPhvYLjzoYbcMMm62ooO6F94fETG4MTs46zPAF9Brs04OajboA/qTGuz78w==",
      "dev": true,
      "engines": {
        "node": ">=0.6"
      }
    },
    "node_modules/bplist-parser": {
      "version": "0.2.0",
      "resolved": "https://registry.npmjs.org/bplist-parser/-/bplist-parser-0.2.0.tgz",
      "integrity": "sha512-z0M+byMThzQmD9NILRniCUXYsYpjwnlO8N5uCFaCqIOpqRsJCrQL9NK3JsD67CN5a08nF5oIL2bD6loTdHOuKw==",
      "dev": true,
      "dependencies": {
        "big-integer": "^1.6.44"
      },
      "engines": {
        "node": ">= 5.10.0"
      }
    },
    "node_modules/cordova-android": {
      "version": "10.1.0",
      "resolved": "https://registry.npmjs.org/cordova-android/-/cordova-android-10.1.0.tgz",
      "integrity": "sha512-nkVh8VMDWoDmvWaQav/sF3Q7N9ZpRRNBJduDhjCOMwYUF/6q2526i/Jb/wJLdXmetBNh+THkGolcTBi9i+1UzA==",
      "dev": true,
      "dependencies": {
        "android-versions": "^1.7.0",
        "cordova-common": "^4.0.2",
        "execa": "^5.1.1",
        "fast-glob": "^3.2.7",
        "fs-extra": "^10.0.0",
        "is-path-inside": "^3.0.3",
        "nopt": "^5.0.0",
        "properties-parser": "^0.3.1",
        "semver": "^7.3.5",
        "untildify": "^4.0.0",
        "which": "^2.0.2"
      },
      "engines": {
        "node": ">=12.0.0"
      }
    },
    "node_modules/cordova-common": {
      "version": "4.0.2",
      "resolved": "https://registry.npmjs.org/cordova-common/-/cordova-common-4.0.2.tgz",
      "integrity": "sha512-od7aNShyuBajzPY83mUEO8tERwwWdFklXETHiXP5Ft87CWeo/tSuwNPFztyTy8XYc74yXdogXKPTJeUHuVzB8Q==",
      "dev": true,
      "dependencies": {
        "@netflix/nerror": "^1.1.3",
        "ansi": "^0.3.1",
        "bplist-parser": "^0.2.0",
        "cross-spawn": "^7.0.1",
        "elementtree": "^0.1.7",
        "endent": "^1.4.1",
        "fast-glob": "^3.2.2",
        "fs-extra": "^9.0.0",
        "glob": "^7.1.6",
        "plist": "^3.0.1",
        "q": "^1.5.1",
        "read-chunk": "^3.2.0",
        "strip-bom": "^4.0.0",
        "underscore": "^1.9.2"
      },
      "engines": {
        "node": ">=10.0.0"
      }
    },
    "node_modules/cordova-common/node_modules/fs-extra": {
      "version": "9.1.0",
      "resolved": "https://registry.npmjs.org/fs-extra/-/fs-extra-9.1.0.tgz",
      "integrity": "sha512-hcg3ZmepS30/7BSFqRvoo3DOMQu7IjqxO5nCDt+zM9XWjb33Wg7ziNT+Qvqbuc3+gWpzO02JubVyk2G4Zvo1OQ==",
      "dev": true,
      "dependencies": {
        "at-least-node": "^1.0.0",
        "graceful-fs": "^4.2.0",
        "jsonfile": "^6.0.1",
        "universalify": "^2.0.0"
      },
      "engines": {
        "node": ">=10"
      }
    },
    "node_modules/cordova-ios": {
      "version": "4.0.1",
      "resolved": "https://registry.npmjs.org/cordova-ios/-/cordova-ios-4.0.1.tgz",
      "integrity": "sha1-wReezRqPkrvxdVXbPJlQIxiz+0I=",
      "dev": true
    },
    "node_modules/cordova-plugin-device": {
      "version": "2.0.3",
      "resolved": "https://registry.npmjs.org/cordova-plugin-device/-/cordova-plugin-device-2.0.3.tgz",
      "integrity": "sha512-Jb3V72btxf3XHpkPQsGdyc8N6tVBYn1vsxSFj43fIz9vonJDUThYPCJJHqk6PX6N4dJw6I4FjxkpfCR4LDYMlw==",
      "dev": true,
      "engines": {
        "cordovaDependencies": {
          "3.0.0": {
            "cordova": ">100"
          }
        }
      }
    },
    "node_modules/cordova-plugin-downloader": {
      "version": "0.0.4",
      "resolved": "https://registry.npmjs.org/cordova-plugin-downloader/-/cordova-plugin-downloader-0.0.4.tgz",
      "integrity": "sha512-rvMFMTBkU2C538F9TTbKx86X3EFZq0PUQhXTuaj5qX4uMrnbqgN76p/sUXBqwN9WkrBiVxoAnR382iLs3x2Lqw==",
      "dev": true
    },
    "node_modules/cordova-plugin-file": {
      "version": "6.0.2",
      "resolved": "https://registry.npmjs.org/cordova-plugin-file/-/cordova-plugin-file-6.0.2.tgz",
      "integrity": "sha512-m7cughw327CjONN/qjzsTpSesLaeybksQh420/gRuSXJX5Zt9NfgsSbqqKDon6jnQ9Mm7h7imgyO2uJ34XMBtA==",
      "dev": true,
      "engines": {
        "cordovaDependencies": {
          "5.0.0": {
            "cordova-android": ">=6.3.0"
          },
          "7.0.0": {
            "cordova": ">100"
          }
        }
      }
    },
    "node_modules/cordova-plugin-network-information": {
      "version": "3.0.0",
      "resolved": "https://registry.npmjs.org/cordova-plugin-network-information/-/cordova-plugin-network-information-3.0.0.tgz",
      "integrity": "sha512-bBtP3PxIX8vshsfR0+F6co2e2cFLgjt18yKIdigzMwk6ANudWQ72RB3g2qMPyT6fBDWmUyE1Qd+bKQB/fZtQwQ==",
      "dev": true,
      "engines": {
        "cordovaDependencies": {
          "3.0.0": {
            "cordova": ">=9"
          },
          "4.0.0": {
            "cordova": ">100"
          }
        }
      }
    },
    "node_modules/cordova-plugin-pdialog": {
      "version": "2.0.1",
      "resolved": "https://registry.npmjs.org/cordova-plugin-pdialog/-/cordova-plugin-pdialog-2.0.1.tgz",
      "integrity": "sha1-gc6kSrz7GU9p3hh6hrbhI9rx4jA=",
      "dev": true,
      "engines": [
        {
          "name": "cordova",
          "version": ">=3.0.0"
        }
      ]
    },
    "node_modules/cordova-plugin-spinner": {
      "version": "1.1.0",
      "resolved": "git+ssh://git@github.com/Justin-Credible/cordova-plugin-spinner.git#9026d818646f60fd6b38e87b6dddd23b93d47922",
      "dev": true,
      "license": "MIT"
    },
    "node_modules/cordova-plugin-whitelist": {
      "version": "1.3.5",
      "resolved": "https://registry.npmjs.org/cordova-plugin-whitelist/-/cordova-plugin-whitelist-1.3.5.tgz",
      "integrity": "sha512-+v/VzCYBdGsIxJTP2m+RWaq7l/NLu7b976w6XGJUFiN2TVOeaGrytaR4jRy0w9akRai8uKFeBmuGHmlS/sOeCA==",
      "dev": true,
      "engines": {
        "cordovaDependencies": {
          "0.0.0": {
            "cordova-android": ">=4.0.0"
          },
          "1.3.5": {
            "cordova-android": ">=4.0.0 <10.0.0"
          }
        }
      }
    },
    "node_modules/cordova-plugin-wkwebview-file-xhr": {
      "version": "3.0.0",
      "resolved": "https://registry.npmjs.org/cordova-plugin-wkwebview-file-xhr/-/cordova-plugin-wkwebview-file-xhr-3.0.0.tgz",
      "integrity": "sha512-ACg8BI/EeH1JMzzQ3YEj/PkdFrwycP/2yUwIPMMQ556qROiQUK0w/PnRlZ4/67Y+FvrU0nqL31WjFZIf9m2b5A==",
      "dev": true,
      "license": "UPL-1.0"
    },
    "node_modules/cordova-plugin-zip": {
      "version": "3.1.0",
      "resolved": "https://registry.npmjs.org/cordova-plugin-zip/-/cordova-plugin-zip-3.1.0.tgz",
      "integrity": "sha1-F2yCSOog058c+VnvXmFWrMqWshc=",
      "dev": true,
      "engines": [
        {
          "name": "cordova",
          "version": ">=3.3.0"
        }
      ]
    },
    "node_modules/cordova-sqlite-storage": {
      "version": "6.0.0",
      "resolved": "https://registry.npmjs.org/cordova-sqlite-storage/-/cordova-sqlite-storage-6.0.0.tgz",
      "integrity": "sha512-njRloA3AICaUFztKHXoFfVcwlL7zbvyFxtdZIkK7P+MA3umILXtSKhYAQkSe2GtHr0LBNzJI5xUUqAlZl/Js0A==",
      "dev": true,
      "dependencies": {
        "cordova-sqlite-storage-dependencies": "4.0.0"
      }
    },
    "node_modules/cordova-sqlite-storage-dependencies": {
      "version": "4.0.0",
      "resolved": "https://registry.npmjs.org/cordova-sqlite-storage-dependencies/-/cordova-sqlite-storage-dependencies-4.0.0.tgz",
      "integrity": "sha512-dTBxYaX/RGzH6+pp49o4sb3FuHCvhrssaKn1XMJ4LL3f9dnvz3rhFK2LdcWrdFkhOLOndnW/azUkbzZd+WWhRA==",
      "dev": true
    }
  },
  "dependencies": {
    "@ahovakimyan/cordova-plugin-wkwebviewxhrfix": {
      "version": "git+ssh://git@github.com/AraHovakimyan/cordova-plugin-wkwebviewxhrfix.git#c62561b9c7fc18e816d69e3cfb45e87977b0466f",
      "dev": true,
      "from": "@ahovakimyan/cordova-plugin-wkwebviewxhrfix@github:AraHovakimyan/cordova-plugin-wkwebviewxhrfix"
    },
    "@netflix/nerror": {
      "version": "1.1.3",
      "resolved": "https://registry.npmjs.org/@netflix/nerror/-/nerror-1.1.3.tgz",
      "integrity": "sha512-b+MGNyP9/LXkapreJzNUzcvuzZslj/RGgdVVJ16P2wSlYatfLycPObImqVJSmNAdyeShvNeM/pl3sVZsObFueg==",
      "dev": true,
      "requires": {
        "assert-plus": "^1.0.0",
        "extsprintf": "^1.4.0",
        "lodash": "^4.17.15"
      }
    },
    "android-versions": {
      "version": "1.7.0",
      "resolved": "https://registry.npmjs.org/android-versions/-/android-versions-1.7.0.tgz",
      "integrity": "sha512-TCy4b8Dk8YS6A23ZPfhSKqK66JHFq0D8avGYiwvYpjno6HrrcI0DRgHx9+jtkvWYmrsE2vQWgbHJhvGGhhOb0g==",
      "dev": true,
      "requires": {
        "semver": "^5.7.1"
      },
      "dependencies": {
        "semver": {
          "version": "5.7.1",
          "resolved": "https://registry.npmjs.org/semver/-/semver-5.7.1.tgz",
          "integrity": "sha512-sauaDf/PZdVgrLTNYHRtpXa1iRiKcaebiKQ1BJdpQlWH2lCvexQdX55snPFyK7QzpudqbCI0qXFfOasHdyNDGQ==",
          "dev": true
        }
      }
    },
    "ansi": {
      "version": "0.3.1",
      "resolved": "https://registry.npmjs.org/ansi/-/ansi-0.3.1.tgz",
      "integrity": "sha1-DELU+xcWDVqa8eSEus4cZpIsGyE=",
      "dev": true
    },
    "assert-plus": {
      "version": "1.0.0",
      "resolved": "https://registry.npmjs.org/assert-plus/-/assert-plus-1.0.0.tgz",
      "integrity": "sha1-8S4PPF13sLHN2RRpQuTpbB5N1SU=",
      "dev": true
    },
    "at-least-node": {
      "version": "1.0.0",
      "resolved": "https://registry.npmjs.org/at-least-node/-/at-least-node-1.0.0.tgz",
      "integrity": "sha512-+q/t7Ekv1EDY2l6Gda6LLiX14rU9TV20Wa3ofeQmwPFZbOMo9DXrLbOjFaaclkXKWidIaopwAObQDqwWtGUjqg==",
      "dev": true
    },
    "big-integer": {
      "version": "1.6.48",
      "resolved": "https://registry.npmjs.org/big-integer/-/big-integer-1.6.48.tgz",
      "integrity": "sha512-j51egjPa7/i+RdiRuJbPdJ2FIUYYPhvYLjzoYbcMMm62ooO6F94fETG4MTs46zPAF9Brs04OajboA/qTGuz78w==",
      "dev": true
    },
    "bplist-parser": {
      "version": "0.2.0",
      "resolved": "https://registry.npmjs.org/bplist-parser/-/bplist-parser-0.2.0.tgz",
      "integrity": "sha512-z0M+byMThzQmD9NILRniCUXYsYpjwnlO8N5uCFaCqIOpqRsJCrQL9NK3JsD67CN5a08nF5oIL2bD6loTdHOuKw==",
      "dev": true,
      "requires": {
        "big-integer": "^1.6.44"
      }
    },
    "cordova-android": {
      "version": "10.1.0",
      "resolved": "https://registry.npmjs.org/cordova-android/-/cordova-android-10.1.0.tgz",
      "integrity": "sha512-nkVh8VMDWoDmvWaQav/sF3Q7N9ZpRRNBJduDhjCOMwYUF/6q2526i/Jb/wJLdXmetBNh+THkGolcTBi9i+1UzA==",
      "dev": true,
      "requires": {
        "android-versions": "^1.7.0",
        "cordova-common": "^4.0.2",
        "execa": "^5.1.1",
        "fast-glob": "^3.2.7",
        "fs-extra": "^10.0.0",
        "is-path-inside": "^3.0.3",
        "nopt": "^5.0.0",
        "properties-parser": "^0.3.1",
        "semver": "^7.3.5",
        "untildify": "^4.0.0",
        "which": "^2.0.2"
      }
    },
    "cordova-common": {
      "version": "4.0.2",
      "resolved": "https://registry.npmjs.org/cordova-common/-/cordova-common-4.0.2.tgz",
      "integrity": "sha512-od7aNShyuBajzPY83mUEO8tERwwWdFklXETHiXP5Ft87CWeo/tSuwNPFztyTy8XYc74yXdogXKPTJeUHuVzB8Q==",
      "dev": true,
      "requires": {
        "@netflix/nerror": "^1.1.3",
        "ansi": "^0.3.1",
        "bplist-parser": "^0.2.0",
        "cross-spawn": "^7.0.1",
        "elementtree": "^0.1.7",
        "endent": "^1.4.1",
        "fast-glob": "^3.2.2",
        "fs-extra": "^9.0.0",
        "glob": "^7.1.6",
        "plist": "^3.0.1",
        "q": "^1.5.1",
        "read-chunk": "^3.2.0",
        "strip-bom": "^4.0.0",
        "underscore": "^1.9.2"
      },
      "dependencies": {
        "fs-extra": {
          "version": "9.1.0",
          "resolved": "https://registry.npmjs.org/fs-extra/-/fs-extra-9.1.0.tgz",
          "integrity": "sha512-hcg3ZmepS30/7BSFqRvoo3DOMQu7IjqxO5nCDt+zM9XWjb33Wg7ziNT+Qvqbuc3+gWpzO02JubVyk2G4Zvo1OQ==",
          "dev": true,
          "requires": {
            "at-least-node": "^1.0.0",
            "graceful-fs": "^4.2.0",
            "jsonfile": "^6.0.1",
            "universalify": "^2.0.0"
          }
        }
      }
    },
    "cordova-ios": {
      "version": "6.2.0",
      "resolved": "https://registry.npmjs.org/cordova-ios/-/cordova-ios-6.2.0.tgz",
      "integrity": "sha512-sLjZg2QBI1SpQVwfe0MSn89YNVkBGLW9Q1vcFJBsqKBrhvoEOJ5Ytq0gwqdhgTOGzlwJUfxC6OHM3jcsRjtYrw==",
      "dev": true,
      "requires": {
        "cordova-common": "^4.0.2",
        "fs-extra": "^9.1.0",
        "ios-sim": "^8.0.2",
        "nopt": "^5.0.0",
        "plist": "^3.0.1",
        "semver": "^7.3.4",
        "unorm": "^1.6.0",
        "which": "^2.0.2",
        "xcode": "^3.0.1",
        "xml-escape": "^1.1.0"
      },
      "dependencies": {
        "fs-extra": {
          "version": "9.1.0",
          "resolved": "https://registry.npmjs.org/fs-extra/-/fs-extra-9.1.0.tgz",
          "integrity": "sha512-hcg3ZmepS30/7BSFqRvoo3DOMQu7IjqxO5nCDt+zM9XWjb33Wg7ziNT+Qvqbuc3+gWpzO02JubVyk2G4Zvo1OQ==",
          "dev": true,
          "requires": {
            "at-least-node": "^1.0.0",
            "graceful-fs": "^4.2.0",
            "jsonfile": "^6.0.1",
            "universalify": "^2.0.0"
          }
        }
      }
    },
    "cordova-plugin-device": {
      "version": "2.0.3",
      "resolved": "https://registry.npmjs.org/cordova-plugin-device/-/cordova-plugin-device-2.0.3.tgz",
      "integrity": "sha512-Jb3V72btxf3XHpkPQsGdyc8N6tVBYn1vsxSFj43fIz9vonJDUThYPCJJHqk6PX6N4dJw6I4FjxkpfCR4LDYMlw==",
      "dev": true
    },
    "cordova-plugin-downloader": {
      "version": "0.0.4",
      "resolved": "https://registry.npmjs.org/cordova-plugin-downloader/-/cordova-plugin-downloader-0.0.4.tgz",
      "integrity": "sha512-rvMFMTBkU2C538F9TTbKx86X3EFZq0PUQhXTuaj5qX4uMrnbqgN76p/sUXBqwN9WkrBiVxoAnR382iLs3x2Lqw==",
      "dev": true
    },
    "cordova-plugin-file": {
      "version": "6.0.2",
      "resolved": "https://registry.npmjs.org/cordova-plugin-file/-/cordova-plugin-file-6.0.2.tgz",
      "integrity": "sha512-m7cughw327CjONN/qjzsTpSesLaeybksQh420/gRuSXJX5Zt9NfgsSbqqKDon6jnQ9Mm7h7imgyO2uJ34XMBtA==",
      "dev": true
    },
    "cordova-plugin-network-information": {
      "version": "3.0.0",
      "resolved": "https://registry.npmjs.org/cordova-plugin-network-information/-/cordova-plugin-network-information-3.0.0.tgz",
      "integrity": "sha512-bBtP3PxIX8vshsfR0+F6co2e2cFLgjt18yKIdigzMwk6ANudWQ72RB3g2qMPyT6fBDWmUyE1Qd+bKQB/fZtQwQ==",
      "dev": true
    },
    "cordova-plugin-pdialog": {
      "version": "2.0.1",
      "resolved": "https://registry.npmjs.org/cordova-plugin-pdialog/-/cordova-plugin-pdialog-2.0.1.tgz",
      "integrity": "sha1-gc6kSrz7GU9p3hh6hrbhI9rx4jA=",
      "dev": true
    },
    "cordova-plugin-spinner": {
      "version": "git+ssh://git@github.com/Justin-Credible/cordova-plugin-spinner.git#9026d818646f60fd6b38e87b6dddd23b93d47922",
      "dev": true,
      "from": "cordova-plugin-spinner@github:Justin-Credible/cordova-plugin-spinner"
    },
    "cordova-plugin-whitelist": {
      "version": "1.3.5",
      "resolved": "https://registry.npmjs.org/cordova-plugin-whitelist/-/cordova-plugin-whitelist-1.3.5.tgz",
      "integrity": "sha512-+v/VzCYBdGsIxJTP2m+RWaq7l/NLu7b976w6XGJUFiN2TVOeaGrytaR4jRy0w9akRai8uKFeBmuGHmlS/sOeCA==",
      "dev": true
    },
    "cordova-plugin-wkwebview-file-xhr": {
      "version": "3.0.0",
      "resolved": "https://registry.npmjs.org/cordova-plugin-wkwebview-file-xhr/-/cordova-plugin-wkwebview-file-xhr-3.0.0.tgz",
      "integrity": "sha512-ACg8BI/EeH1JMzzQ3YEj/PkdFrwycP/2yUwIPMMQ556qROiQUK0w/PnRlZ4/67Y+FvrU0nqL31WjFZIf9m2b5A==",
      "dev": true
    },
    "cordova-plugin-zip": {
      "version": "3.1.0",
      "resolved": "https://registry.npmjs.org/cordova-plugin-zip/-/cordova-plugin-zip-3.1.0.tgz",
      "integrity": "sha1-F2yCSOog058c+VnvXmFWrMqWshc=",
      "dev": true
    },
    "cordova-sqlite-storage": {
      "version": "6.0.0",
      "resolved": "https://registry.npmjs.org/cordova-sqlite-storage/-/cordova-sqlite-storage-6.0.0.tgz",
      "integrity": "sha512-njRloA3AICaUFztKHXoFfVcwlL7zbvyFxtdZIkK7P+MA3umILXtSKhYAQkSe2GtHr0LBNzJI5xUUqAlZl/Js0A==",
      "dev": true,
      "requires": {
        "cordova-sqlite-storage-dependencies": "4.0.0"
      }
    },
    "cordova-sqlite-storage-dependencies": {
      "version": "4.0.0",
      "resolved": "https://registry.npmjs.org/cordova-sqlite-storage-dependencies/-/cordova-sqlite-storage-dependencies-4.0.0.tgz",
      "integrity": "sha512-dTBxYaX/RGzH6+pp49o4sb3FuHCvhrssaKn1XMJ4LL3f9dnvz3rhFK2LdcWrdFkhOLOndnW/azUkbzZd+WWhRA==",
      "dev": true
    }
  }
}
